
Microsoft Visual Studio Solution File, Format Version 12.00
# Visual Studio Version 17
VisualStudioVersion = 17.2.32519.379
MinimumVisualStudioVersion = 10.0.40219.1
Project("{8BC9CEB8-8B4A-11D0-8D11-00A0C91BC942}") = "W9_S4", "W9_S4.vcxproj", "{F3C92C81-5707-4F55-8D4B-A21984FE998D}"
EndProject
Global
	GlobalSection(SolutionConfigurationPlatforms) = preSolution
		Debug|x64 = Debug|x64
		Debug|x86 = Debug|x86
		Release|x64 = Release|x64
		Release|x86 = Release|x86
	EndGlobalSection
	GlobalSection(ProjectConfigurationPlatforms) = postSolution
		{F3C92C81-5707-4F55-8D4B-A21984FE998D}.Debug|x64.ActiveCfg = Debug|x64
		{F3C92C81-5707-4F55-8D4B-A21984FE998D}.Debug|x64.Build.0 = Debug|x64
		{F3C92C81-5707-4F55-8D4B-A21984FE998D}.Debug|x86.ActiveCfg = Debug|Win32
		{F3C92C81-5707-4F55-8D4B-A21984FE998D}.Debug|x86.Build.0 = Debug|Win32
		{F3C92C81-5707-4F55-8D4B-A21984FE998D}.Release|x64.ActiveCfg = Release|x64
		{F3C92C81-5707-4F55-8D4B-A21984FE998D}.Release|x64.Build.0 = Release|x64
		{F3C92C81-5707-4F55-8D4B-A21984FE998D}.Release|x86.ActiveCfg = Release|Win32
		{F3C92C81-5707-4F55-8D4B-A21984FE998D}.Release|x86.Build.0 = Release|Win32
	EndGlobalSection
	GlobalSection(SolutionProperties) = preSolution
		HideSolutionNode = FALSE
	EndGlobalSection
	GlobalSection(ExtensibilityGlobals) = postSolution
		SolutionGuid = {3D1F3A89-E390-4152-A6C5-B1C7FCC80D30}
	EndGlobalSection
EndGlobal
